// !$*UTF8*$!
{
	archiveVersion = 1;
	classes = {
	};
	objectVersion = 46;
	objects = {
		B86022674863C9066FFF60FE = {
			isa = PBXBuildFile;
			fileRef = 492215E513BD607A02E8719D;
		};
		0F719A382F4DB777632E9805 = {
			isa = PBXBuildFile;
			fileRef = 8E1E0C8A371930177EE12646;
		};
		CD0B24A96FD13EE4814EE1E0 = {
			isa = PBXBuildFile;
			fileRef = E998763DA073CA8CC32DAC35;
		};
		BB4FE75EE2792C15BAFE12DB = {
			isa = PBXBuildFile;
			fileRef = 14512BC510F15581023FC454;
		};
		69A0DE1A9F342AFDD07240E8 = {
			isa = PBXBuildFile;
			fileRef = BF08EEABAC8A8C20BBAB592C;
		};
		4A2DDB67E8BFDBF0F15E3EAC = {
			isa = PBXBuildFile;
			fileRef = 494078AB6EEF4E7FA0088B38;
		};
		D92B61F760059122A06BEB8E = {
			isa = PBXBuildFile;
			fileRef = 77A073D1E3A3461F3B62B46F;
		};
		63811250C1B5B59841744E27 = {
			isa = PBXBuildFile;
			fileRef = 318897BC82B92D774F84E108;
		};
		535AD13156067DF2673FA17F = {
			isa = PBXBuildFile;
			fileRef = F3DD38399E3307743D9D9013;
		};
		4923BC30D82CB4081EE399D7 = {
			isa = PBXBuildFile;
			fileRef = 3CF723FA268BC912CF4BBF58;
		};
		BC6DACAD462DC26A55FADBAD = {
			isa = PBXBuildFile;
			fileRef = 3CA08FB84EC94D6F92B2BDBF;
		};
		06DDA229EE2C1731FD069945 = {
			isa = PBXBuildFile;
			fileRef = 2623949DA73B1814282E3611;
		};
		E11DFC9DCC9CCA51060464E7 = {
			isa = PBXBuildFile;
			fileRef = CF724067EB9A3319B499D943;
		};
		639FD6CAD42FF12CDA77755B = {
			isa = PBXBuildFile;
			fileRef = 3F09B93573D39717DAC03BFB;
		};
		3D6DDC52093627BA97125121 = {
			isa = PBXBuildFile;
			fileRef = A46B40D11663C77E99DE6956;
		};
		E5A093FE41FCAEFDE7539948 = {
			isa = PBXBuildFile;
			fileRef = 30F21D0B6F7725F6CE106B6D;
		};
		E032D85D421CB8B6A4A3532C = {
			isa = PBXBuildFile;
			fileRef = DB90A0987C5D57659E98958B;
		};
		D12320659AA6966BE49CC12B = {
			isa = PBXBuildFile;
			fileRef = 57D2B31A57DC9530548A004B;
		};
		B1B1BE2C840ED95B0161631E = {
			isa = PBXBuildFile;
			fileRef = 7594B02D7AF112EFCFE24210;
		};
		E3CC6F5B9B6F5C31A8C76F90 = {
			isa = PBXBuildFile;
			fileRef = C33D187FFBB48F39312431F0;
		};
		9B9B11C6ACCCD4ABF1D5C750 = {
			isa = PBXBuildFile;
			fileRef = E004924EA857D7B694D5E6FB;
		};
		A09BCC57B11840129E1CF117 = {
			isa = PBXBuildFile;
			fileRef = 13243765B07BF0913820C439;
		};
		588E203486E7453259EEBC5E = {
			isa = PBXBuildFile;
			fileRef = 55F6C350E0A5F8027DF06441;
		};
		F25B5CE3D40C3F3AD936E7DA = {
			isa = PBXBuildFile;
			fileRef = B0E4ED27EA975A8404292787;
		};
		27F94B30CC537F06606E2DC9 = {
			isa = PBXBuildFile;
			fileRef = 2E9D48796E459BDD2274B00A;
		};
		4826C8824A79291D4ACF9091 = {
			isa = PBXBuildFile;
			fileRef = 9D056A9B62CD52F61D798A4A;
		};
		E2C28FCA320264BB9F68F426 = {
			isa = PBXBuildFile;
			fileRef = A76CB7A9ED1E125B39CC60BD;
		};
		5FDB3379B5E3A4981EA58C86 = {
			isa = PBXBuildFile;
			fileRef = B7472C4718F2BAD58DBC2DEC;
		};
		04499D92D474876565DEAD11 = {
			isa = PBXBuildFile;
			fileRef = 2821E86957D2E6073B6D8A87;
		};
		5969AED2758062101A287A47 = {
			isa = PBXBuildFile;
			fileRef = 01EC6B7F98FC29CFFF01ECEC;
		};
		06F88839D81FBE2A5A006868 = {
			isa = PBXBuildFile;
			fileRef = 57C2CEF5B8429752E63C500B;
		};
		012B2A0088DE405D1DA86CDC = {
			isa = PBXFileReference;
			lastKnownFileType = file;
			name = "juce_audio_basics";
			path = "/Users/km/DEVELOPER/JUCE/modules/juce_audio_basics";
			sourceTree = "<absolute>";
		};
		01EC6B7F98FC29CFFF01ECEC = {
			isa = PBXFileReference;
			lastKnownFileType = sourcecode.cpp.objcpp;
			name = "include_juce_gui_basics.mm";
			path = "../../JuceLibraryCode/include_juce_gui_basics.mm";
			sourceTree = "SOURCE_ROOT";
		};
		13243765B07BF0913820C439 = {
			isa = PBXFileReference;
			lastKnownFileType = sourcecode.cpp.cpp;
			name = "include_juce_audio_plugin_client_VST3.cpp";
			path = "../../JuceLibraryCode/include_juce_audio_plugin_client_VST3.cpp";
			sourceTree = "SOURCE_ROOT";
		};
		14512BC510F15581023FC454 = {
			isa = PBXFileReference;
			lastKnownFileType = wrapper.framework;
			name = Accelerate.framework;
			path = System/Library/Frameworks/Accelerate.framework;
			sourceTree = SDKROOT;
		};
		1AFF6109F1306B52E84CF6A5 = {
			isa = PBXFileReference;
			lastKnownFileType = sourcecode.c.h;
			name = AppConfig.h;
			path = ../../JuceLibraryCode/AppConfig.h;
			sourceTree = "SOURCE_ROOT";
		};
		2623949DA73B1814282E3611 = {
			isa = PBXFileReference;
			lastKnownFileType = wrapper.framework;
			name = QuartzCore.framework;
			path = System/Library/Frameworks/QuartzCore.framework;
			sourceTree = SDKROOT;
		};
		2821E86957D2E6073B6D8A87 = {
			isa = PBXFileReference;
			lastKnownFileType = sourcecode.cpp.objcpp;
			name = "include_juce_graphics.mm";
			path = "../../JuceLibraryCode/include_juce_graphics.mm";
			sourceTree = "SOURCE_ROOT";
		};
		2E5D822B0F4BFC3285BF4627 = {
			isa = PBXFileReference;
			lastKnownFileType = file;
			name = "juce_gui_extra";
			path = "/Users/km/DEVELOPER/JUCE/modules/juce_gui_extra";
			sourceTree = "<absolute>";
		};
		2E9D48796E459BDD2274B00A = {
			isa = PBXFileReference;
			lastKnownFileType = sourcecode.cpp.objcpp;
			name = "include_juce_core.mm";
			path = "../../JuceLibraryCode/include_juce_core.mm";
			sourceTree = "SOURCE_ROOT";
		};
		30F21D0B6F7725F6CE106B6D = {
			isa = PBXFileReference;
			lastKnownFileType = sourcecode.cpp.objcpp;
			name = "include_juce_audio_basics.mm";
			path = "../../JuceLibraryCode/include_juce_audio_basics.mm";
			sourceTree = "SOURCE_ROOT";
		};
		318897BC82B92D774F84E108 = {
			isa = PBXFileReference;
			lastKnownFileType = wrapper.framework;
			name = CoreAudio.framework;
			path = System/Library/Frameworks/CoreAudio.framework;
			sourceTree = SDKROOT;
		};
		31C2AE7C657A077C0AA92A35 = {
			isa = PBXFileReference;
			lastKnownFileType = sourcecode.c.h;
			name = JuceHeader.h;
			path = ../../JuceLibraryCode/JuceHeader.h;
			sourceTree = "SOURCE_ROOT";
		};
		3CA08FB84EC94D6F92B2BDBF = {
			isa = PBXFileReference;
			lastKnownFileType = wrapper.framework;
			name = IOKit.framework;
			path = System/Library/Frameworks/IOKit.framework;
			sourceTree = SDKROOT;
		};
		3CD7D85EA80F8DFB675927E7 = {
			isa = PBXFileReference;
			lastKnownFileType = sourcecode.c.h;
			name = "KRT-1.h";
			path = "../../Source/KRT-1.h";
			sourceTree = "SOURCE_ROOT";
		};
		3CF723FA268BC912CF4BBF58 = {
			isa = PBXFileReference;
			lastKnownFileType = wrapper.framework;
			name = DiscRecording.framework;
			path = System/Library/Frameworks/DiscRecording.framework;
			sourceTree = SDKROOT;
		};
		3DD9337A34BC6E2A0D1782DD = {
			isa = PBXFileReference;
			lastKnownFileType = file;
			name = "juce_audio_devices";
			path = "/Users/km/DEVELOPER/JUCE/modules/juce_audio_devices";
			sourceTree = "<absolute>";
		};
		3F09B93573D39717DAC03BFB = {
			isa = PBXFileReference;
			lastKnownFileType = file.nib;
			name = RecentFilesMenuTemplate.nib;
			path = RecentFilesMenuTemplate.nib;
			sourceTree = "SOURCE_ROOT";
		};
		441244C18576FBC6E5892DD1 = {
			isa = PBXFileReference;
			lastKnownFileType = file;
			name = "juce_audio_utils";
			path = "/Users/km/DEVELOPER/JUCE/modules/juce_audio_utils";
			sourceTree = "<absolute>";
		};
		492215E513BD607A02E8719D = {
			isa = PBXFileReference;
			explicitFileType = wrapper.cfbundle;
			includeInIndex = 0;
			path = "KRT-1.vst3";
			sourceTree = "BUILT_PRODUCTS_DIR";
		};
		494078AB6EEF4E7FA0088B38 = {
			isa = PBXFileReference;
			lastKnownFileType = wrapper.framework;
			name = Carbon.framework;
			path = System/Library/Frameworks/Carbon.framework;
			sourceTree = SDKROOT;
		};
		55F6C350E0A5F8027DF06441 = {
			isa = PBXFileReference;
			lastKnownFileType = sourcecode.cpp.objcpp;
			name = "include_juce_audio_processors.mm";
			path = "../../JuceLibraryCode/include_juce_audio_processors.mm";
			sourceTree = "SOURCE_ROOT";
		};
		57C2CEF5B8429752E63C500B = {
			isa = PBXFileReference;
			lastKnownFileType = sourcecode.cpp.objcpp;
			name = "include_juce_gui_extra.mm";
			path = "../../JuceLibraryCode/include_juce_gui_extra.mm";
			sourceTree = "SOURCE_ROOT";
		};
		57D2B31A57DC9530548A004B = {
			isa = PBXFileReference;
			lastKnownFileType = sourcecode.cpp.objcpp;
			name = "include_juce_audio_formats.mm";
			path = "../../JuceLibraryCode/include_juce_audio_formats.mm";
			sourceTree = "SOURCE_ROOT";
		};
		66A5D8F535D2B52DD0739064 = {
			isa = PBXFileReference;
			lastKnownFileType = file;
			name = "juce_data_structures";
			path = "/Users/km/DEVELOPER/JUCE/modules/juce_data_structures";
			sourceTree = "<absolute>";
		};
		73360B84E44433C32DEEB456 = {
			isa = PBXFileReference;
			lastKnownFileType = text.plist.xml;
			name = "Info-VST3.plist";
			path = "Info-VST3.plist";
			sourceTree = "SOURCE_ROOT";
		};
		7594B02D7AF112EFCFE24210 = {
			isa = PBXFileReference;
			lastKnownFileType = sourcecode.cpp.cpp;
			name = "include_juce_audio_plugin_client_Standalone.cpp";
			path = "../../JuceLibraryCode/include_juce_audio_plugin_client_Standalone.cpp";
			sourceTree = "SOURCE_ROOT";
		};
		77A073D1E3A3461F3B62B46F = {
			isa = PBXFileReference;
			lastKnownFileType = wrapper.framework;
			name = Cocoa.framework;
			path = System/Library/Frameworks/Cocoa.framework;
			sourceTree = SDKROOT;
		};
		8DCA2340D55062B851E7A49A = {
			isa = PBXFileReference;
			lastKnownFileType = file;
			name = "juce_dsp";
			path = "/Users/km/DEVELOPER/JUCE/modules/juce_dsp";
			sourceTree = "<absolute>";
		};
		8E1E0C8A371930177EE12646 = {
			isa = PBXFileReference;
			explicitFileType = wrapper.application;
			includeInIndex = 0;
			path = "KRT-1.app";
			sourceTree = "BUILT_PRODUCTS_DIR";
		};
		98603641E97C47D34E84172C = {
			isa = PBXFileReference;
			lastKnownFileType = file;
			name = "juce_gui_basics";
			path = "/Users/km/DEVELOPER/JUCE/modules/juce_gui_basics";
			sourceTree = "<absolute>";
		};
		9CE9F94A15948EE88DF73098 = {
			isa = PBXFileReference;
			lastKnownFileType = file;
			name = "juce_audio_plugin_client";
			path = "/Users/km/DEVELOPER/JUCE/modules/juce_audio_plugin_client";
			sourceTree = "<absolute>";
		};
		9D056A9B62CD52F61D798A4A = {
			isa = PBXFileReference;
			lastKnownFileType = sourcecode.cpp.objcpp;
			name = "include_juce_data_structures.mm";
			path = "../../JuceLibraryCode/include_juce_data_structures.mm";
			sourceTree = "SOURCE_ROOT";
		};
		A30BAF430CC1E4E38BB611F9 = {
			isa = PBXFileReference;
			lastKnownFileType = file;
			name = "juce_audio_formats";
			path = "/Users/km/DEVELOPER/JUCE/modules/juce_audio_formats";
			sourceTree = "<absolute>";
		};
		A46B40D11663C77E99DE6956 = {
			isa = PBXFileReference;
			lastKnownFileType = sourcecode.cpp.cpp;
			name = Main.cpp;
			path = ../../Source/Main.cpp;
			sourceTree = "SOURCE_ROOT";
		};
		A76CB7A9ED1E125B39CC60BD = {
			isa = PBXFileReference;
			lastKnownFileType = sourcecode.cpp.objcpp;
			name = "include_juce_dsp.mm";
			path = "../../JuceLibraryCode/include_juce_dsp.mm";
			sourceTree = "SOURCE_ROOT";
		};
		B0E4ED27EA975A8404292787 = {
			isa = PBXFileReference;
			lastKnownFileType = sourcecode.cpp.objcpp;
			name = "include_juce_audio_utils.mm";
			path = "../../JuceLibraryCode/include_juce_audio_utils.mm";
			sourceTree = "SOURCE_ROOT";
		};
		B7472C4718F2BAD58DBC2DEC = {
			isa = PBXFileReference;
			lastKnownFileType = sourcecode.cpp.objcpp;
			name = "include_juce_events.mm";
			path = "../../JuceLibraryCode/include_juce_events.mm";
			sourceTree = "SOURCE_ROOT";
		};
		BF08EEABAC8A8C20BBAB592C = {
			isa = PBXFileReference;
			lastKnownFileType = wrapper.framework;
			name = AudioToolbox.framework;
			path = System/Library/Frameworks/AudioToolbox.framework;
			sourceTree = SDKROOT;
		};
		C33D187FFBB48F39312431F0 = {
			isa = PBXFileReference;
			lastKnownFileType = sourcecode.cpp.cpp;
			name = "include_juce_audio_plugin_client_utils.cpp";
			path = "../../JuceLibraryCode/include_juce_audio_plugin_client_utils.cpp";
			sourceTree = "SOURCE_ROOT";
		};
		C7933088D5D2DE77710190C2 = {
			isa = PBXFileReference;
			lastKnownFileType = file;
			name = "juce_core";
			path = "/Users/km/DEVELOPER/JUCE/modules/juce_core";
			sourceTree = "<absolute>";
		};
		C7B941396964684DA07D31A8 = {
			isa = PBXFileReference;
			lastKnownFileType = file;
			name = "juce_events";
			path = "/Users/km/DEVELOPER/JUCE/modules/juce_events";
			sourceTree = "<absolute>";
		};
		CF724067EB9A3319B499D943 = {
			isa = PBXFileReference;
			lastKnownFileType = wrapper.framework;
			name = WebKit.framework;
			path = System/Library/Frameworks/WebKit.framework;
			sourceTree = SDKROOT;
		};
		D664779603D66331E65217E9 = {
			isa = PBXFileReference;
			lastKnownFileType = text.plist.xml;
			name = "Info-Standalone_Plugin.plist";
			path = "Info-Standalone_Plugin.plist";
			sourceTree = "SOURCE_ROOT";
		};
		DB90A0987C5D57659E98958B = {
			isa = PBXFileReference;
			lastKnownFileType = sourcecode.cpp.objcpp;
			name = "include_juce_audio_devices.mm";
			path = "../../JuceLibraryCode/include_juce_audio_devices.mm";
			sourceTree = "SOURCE_ROOT";
		};
		E004924EA857D7B694D5E6FB = {
			isa = PBXFileReference;
			lastKnownFileType = sourcecode.cpp.objcpp;
			name = "include_juce_audio_plugin_client_VST_utils.mm";
			path = "../../JuceLibraryCode/include_juce_audio_plugin_client_VST_utils.mm";
			sourceTree = "SOURCE_ROOT";
		};
		E6B962BB3B31B65A9B3F72AF = {
			isa = PBXFileReference;
			lastKnownFileType = file;
			name = "juce_graphics";
			path = "/Users/km/DEVELOPER/JUCE/modules/juce_graphics";
			sourceTree = "<absolute>";
		};
		E998763DA073CA8CC32DAC35 = {
			isa = PBXFileReference;
			explicitFileType = archive.ar;
			includeInIndex = 0;
			path = "libKRT-1.a";
			sourceTree = "BUILT_PRODUCTS_DIR";
		};
		F3DD38399E3307743D9D9013 = {
			isa = PBXFileReference;
			lastKnownFileType = wrapper.framework;
			name = CoreMIDI.framework;
			path = System/Library/Frameworks/CoreMIDI.framework;
			sourceTree = SDKROOT;
		};
		F428752EFD8AF7374588A4B4 = {
			isa = PBXFileReference;
			lastKnownFileType = file;
			name = "juce_audio_processors";
			path = "/Users/km/DEVELOPER/JUCE/modules/juce_audio_processors";
			sourceTree = "<absolute>";
		};
		F87057FAEC3550989FE0E28A = {
			isa = PBXFileReference;
			lastKnownFileType = text.plist.xml;
			name = "KRT-1.entitlements";
			path = "KRT-1.entitlements";
			sourceTree = "SOURCE_ROOT";
		};
		D578B03C604853AA5E3D5722 = {
			isa = PBXGroup;
			children = (
				A46B40D11663C77E99DE6956,
				3CD7D85EA80F8DFB675927E7,
			);
			name = Source;
			sourceTree = "<group>";
		};
		96E84CDF78E90A9A70D46305 = {
			isa = PBXGroup;
			children = (
				D578B03C604853AA5E3D5722,
			);
			name = "KRT-1";
			sourceTree = "<group>";
		};
		307881CCD99856A8F06D475C = {
			isa = PBXGroup;
			children = (
				012B2A0088DE405D1DA86CDC,
				3DD9337A34BC6E2A0D1782DD,
				A30BAF430CC1E4E38BB611F9,
				9CE9F94A15948EE88DF73098,
				F428752EFD8AF7374588A4B4,
				441244C18576FBC6E5892DD1,
				C7933088D5D2DE77710190C2,
				66A5D8F535D2B52DD0739064,
				8DCA2340D55062B851E7A49A,
				C7B941396964684DA07D31A8,
				E6B962BB3B31B65A9B3F72AF,
				98603641E97C47D34E84172C,
				2E5D822B0F4BFC3285BF4627,
			);
			name = "JUCE Modules";
			sourceTree = "<group>";
		};
		EFE4E5F4D0FB2D706430EE6C = {
			isa = PBXGroup;
			children = (
				1AFF6109F1306B52E84CF6A5,
				30F21D0B6F7725F6CE106B6D,
				DB90A0987C5D57659E98958B,
				57D2B31A57DC9530548A004B,
				7594B02D7AF112EFCFE24210,
				C33D187FFBB48F39312431F0,
				E004924EA857D7B694D5E6FB,
				13243765B07BF0913820C439,
				55F6C350E0A5F8027DF06441,
				B0E4ED27EA975A8404292787,
				2E9D48796E459BDD2274B00A,
				9D056A9B62CD52F61D798A4A,
				A76CB7A9ED1E125B39CC60BD,
				B7472C4718F2BAD58DBC2DEC,
				2821E86957D2E6073B6D8A87,
				01EC6B7F98FC29CFFF01ECEC,
				57C2CEF5B8429752E63C500B,
				31C2AE7C657A077C0AA92A35,
			);
			name = "JUCE Library Code";
			sourceTree = "<group>";
		};
		803FC8BC6513F601E84BE432 = {
			isa = PBXGroup;
			children = (
				73360B84E44433C32DEEB456,
				D664779603D66331E65217E9,
				3F09B93573D39717DAC03BFB,
			);
			name = Resources;
			sourceTree = "<group>";
		};
		B589B748585E6E9B77E89E9A = {
			isa = PBXGroup;
			children = (
				14512BC510F15581023FC454,
				BF08EEABAC8A8C20BBAB592C,
				494078AB6EEF4E7FA0088B38,
				77A073D1E3A3461F3B62B46F,
				318897BC82B92D774F84E108,
				F3DD38399E3307743D9D9013,
				3CF723FA268BC912CF4BBF58,
				3CA08FB84EC94D6F92B2BDBF,
				2623949DA73B1814282E3611,
				CF724067EB9A3319B499D943,
			);
			name = Frameworks;
			sourceTree = "<group>";
		};
		F3A5D65BD487B8FFAED140CC = {
			isa = PBXGroup;
			children = (
				492215E513BD607A02E8719D,
				8E1E0C8A371930177EE12646,
				E998763DA073CA8CC32DAC35,
			);
			name = Products;
			sourceTree = "<group>";
		};
		497940B5EA98F52A96F96AF1 = {
			isa = PBXGroup;
			children = (
				F87057FAEC3550989FE0E28A,
				96E84CDF78E90A9A70D46305,
				307881CCD99856A8F06D475C,
				EFE4E5F4D0FB2D706430EE6C,
				803FC8BC6513F601E84BE432,
				B589B748585E6E9B77E89E9A,
				F3A5D65BD487B8FFAED140CC,
			);
			name = Source;
			sourceTree = "<group>";
		};
		484677EDEC005658F45805A6 = {
			isa = XCBuildConfiguration;
			buildSettings = {
				MACOSX_DEPLOYMENT_TARGET = 10.11;
			};
			name = Debug;
		};
		A4D94AE71CAA61423F428F25 = {
			isa = XCBuildConfiguration;
			buildSettings = {
				MACOSX_DEPLOYMENT_TARGET = 10.11;
			};
			name = Release;
		};
		61CAE34201BFE8CB0EB04083 = {
			isa = XCBuildConfiguration;
			buildSettings = {
				CLANG_CXX_LANGUAGE_STANDARD = "c++14";
				CLANG_CXX_LIBRARY = "libc++";
				CLANG_LINK_OBJC_RUNTIME = NO;
				COMBINE_HIDPI_IMAGES = YES;
				CONFIGURATION_BUILD_DIR = "$(PROJECT_DIR)/build/$(CONFIGURATION)";
				COPY_PHASE_STRIP = NO;
				DEPLOYMENT_LOCATION = YES;
				DSTROOT = /;
				GCC_DYNAMIC_NO_PIC = NO;
				GCC_OPTIMIZATION_LEVEL = 0;
				GCC_PREPROCESSOR_DEFINITIONS = (
					"_DEBUG=1",
					"DEBUG=1",
					"JUCER_XCODE_MAC_F6D2F4CF=1",
					"JUCE_APP_VERSION=1.0.0",
					"JUCE_APP_VERSION_HEX=0x10000",
					"JucePlugin_Build_VST=0",
					"JucePlugin_Build_VST3=1",
					"JucePlugin_Build_AU=0",
					"JucePlugin_Build_AUv3=0",
					"JucePlugin_Build_RTAS=0",
					"JucePlugin_Build_AAX=0",
					"JucePlugin_Build_Standalone=0",
					"JucePlugin_Build_Unity=0",
				);
				GCC_VERSION = com.apple.compilers.llvm.clang.1_0;
				GENERATE_PKGINFO_FILE = YES;
				HEADER_SEARCH_PATHS = (
					"/Users/km/DEVELOPER/VST_SDK/VST3_SDK",
					"../../JuceLibraryCode",
					"/Users/km/DEVELOPER/JUCE/modules",
					"/Users/km/DEVELOPER/JUCE/modules/juce_audio_plugin_client",
					"$(inherited)",
				);
				INFOPLIST_FILE = Info-VST3.plist;
				INFOPLIST_PREPROCESS = NO;
				INSTALL_PATH = "$(HOME)/Library/Audio/Plug-Ins/VST3/";
				LIBRARY_STYLE = Bundle;
				MACOSX_DEPLOYMENT_TARGET = 10.11;
				OTHER_LDFLAGS = "-bundle -lKRT-1";
				PRODUCT_BUNDLE_IDENTIFIER = com.Kart.KRT1;
				PRODUCT_NAME = "KRT-1";
				USE_HEADERMAP = NO;
				WRAPPER_EXTENSION = vst3;
			};
			name = Debug;
		};
		CC7B8CC4D9BEBC601EC9FC52 = {
			isa = XCBuildConfiguration;
			buildSettings = {
				CLANG_CXX_LANGUAGE_STANDARD = "c++14";
				CLANG_CXX_LIBRARY = "libc++";
				CLANG_LINK_OBJC_RUNTIME = NO;
				COMBINE_HIDPI_IMAGES = YES;
				CONFIGURATION_BUILD_DIR = "$(PROJECT_DIR)/build/$(CONFIGURATION)";
				DEAD_CODE_STRIPPING = YES;
				DEPLOYMENT_LOCATION = YES;
				DSTROOT = /;
				GCC_GENERATE_DEBUGGING_SYMBOLS = NO;
				GCC_OPTIMIZATION_LEVEL = 3;
				GCC_PREPROCESSOR_DEFINITIONS = (
					"_NDEBUG=1",
					"NDEBUG=1",
					"JUCER_XCODE_MAC_F6D2F4CF=1",
					"JUCE_APP_VERSION=1.0.0",
					"JUCE_APP_VERSION_HEX=0x10000",
					"JucePlugin_Build_VST=0",
					"JucePlugin_Build_VST3=1",
					"JucePlugin_Build_AU=0",
					"JucePlugin_Build_AUv3=0",
					"JucePlugin_Build_RTAS=0",
					"JucePlugin_Build_AAX=0",
					"JucePlugin_Build_Standalone=0",
					"JucePlugin_Build_Unity=0",
				);
				GCC_SYMBOLS_PRIVATE_EXTERN = YES;
				GCC_VERSION = com.apple.compilers.llvm.clang.1_0;
				GENERATE_PKGINFO_FILE = YES;
				HEADER_SEARCH_PATHS = (
					"/Users/km/DEVELOPER/VST_SDK/VST3_SDK",
					"../../JuceLibraryCode",
					"/Users/km/DEVELOPER/JUCE/modules",
					"/Users/km/DEVELOPER/JUCE/modules/juce_audio_plugin_client",
					"$(inherited)",
				);
				INFOPLIST_FILE = Info-VST3.plist;
				INFOPLIST_PREPROCESS = NO;
				INSTALL_PATH = "$(HOME)/Library/Audio/Plug-Ins/VST3/";
				LIBRARY_STYLE = Bundle;
				LLVM_LTO = YES;
				MACOSX_DEPLOYMENT_TARGET = 10.11;
				OTHER_LDFLAGS = "-bundle -lKRT-1";
				PRODUCT_BUNDLE_IDENTIFIER = com.Kart.KRT1;
				PRODUCT_NAME = "KRT-1";
				USE_HEADERMAP = NO;
				WRAPPER_EXTENSION = vst3;
			};
			name = Release;
		};
		964DB20F3B92C6A430025610 = {
			isa = XCBuildConfiguration;
			buildSettings = {
				CLANG_CXX_LANGUAGE_STANDARD = "c++14";
				CLANG_CXX_LIBRARY = "libc++";
				CLANG_LINK_OBJC_RUNTIME = NO;
				COMBINE_HIDPI_IMAGES = YES;
				CONFIGURATION_BUILD_DIR = "$(PROJECT_DIR)/build/$(CONFIGURATION)";
				COPY_PHASE_STRIP = NO;
				GCC_DYNAMIC_NO_PIC = NO;
				GCC_OPTIMIZATION_LEVEL = 0;
				GCC_PREPROCESSOR_DEFINITIONS = (
					"_DEBUG=1",
					"DEBUG=1",
					"JUCER_XCODE_MAC_F6D2F4CF=1",
					"JUCE_APP_VERSION=1.0.0",
					"JUCE_APP_VERSION_HEX=0x10000",
					"JucePlugin_Build_VST=0",
					"JucePlugin_Build_VST3=0",
					"JucePlugin_Build_AU=0",
					"JucePlugin_Build_AUv3=0",
					"JucePlugin_Build_RTAS=0",
					"JucePlugin_Build_AAX=0",
					"JucePlugin_Build_Standalone=1",
					"JucePlugin_Build_Unity=0",
				);
				GCC_VERSION = com.apple.compilers.llvm.clang.1_0;
				HEADER_SEARCH_PATHS = (
					"/Users/km/DEVELOPER/VST_SDK/VST3_SDK",
					"../../JuceLibraryCode",
					"/Users/km/DEVELOPER/JUCE/modules",
					"/Users/km/DEVELOPER/JUCE/modules/juce_audio_plugin_client",
					"$(inherited)",
				);
				INFOPLIST_FILE = Info-Standalone_Plugin.plist;
				INFOPLIST_PREPROCESS = NO;
				MACOSX_DEPLOYMENT_TARGET = 10.11;
				OTHER_LDFLAGS = "-lKRT-1";
				PRODUCT_BUNDLE_IDENTIFIER = com.Kart.KRT1;
				PRODUCT_NAME = "KRT-1";
				USE_HEADERMAP = NO;
			};
			name = Debug;
		};
		F597DD100C465461154A5FB5 = {
			isa = XCBuildConfiguration;
			buildSettings = {
				CLANG_CXX_LANGUAGE_STANDARD = "c++14";
				CLANG_CXX_LIBRARY = "libc++";
				CLANG_LINK_OBJC_RUNTIME = NO;
				COMBINE_HIDPI_IMAGES = YES;
				CONFIGURATION_BUILD_DIR = "$(PROJECT_DIR)/build/$(CONFIGURATION)";
				DEAD_CODE_STRIPPING = YES;
				GCC_GENERATE_DEBUGGING_SYMBOLS = NO;
				GCC_OPTIMIZATION_LEVEL = 3;
				GCC_PREPROCESSOR_DEFINITIONS = (
					"_NDEBUG=1",
					"NDEBUG=1",
					"JUCER_XCODE_MAC_F6D2F4CF=1",
					"JUCE_APP_VERSION=1.0.0",
					"JUCE_APP_VERSION_HEX=0x10000",
					"JucePlugin_Build_VST=0",
					"JucePlugin_Build_VST3=0",
					"JucePlugin_Build_AU=0",
					"JucePlugin_Build_AUv3=0",
					"JucePlugin_Build_RTAS=0",
					"JucePlugin_Build_AAX=0",
					"JucePlugin_Build_Standalone=1",
					"JucePlugin_Build_Unity=0",
				);
				GCC_SYMBOLS_PRIVATE_EXTERN = YES;
				GCC_VERSION = com.apple.compilers.llvm.clang.1_0;
				HEADER_SEARCH_PATHS = (
					"/Users/km/DEVELOPER/VST_SDK/VST3_SDK",
					"../../JuceLibraryCode",
					"/Users/km/DEVELOPER/JUCE/modules",
					"/Users/km/DEVELOPER/JUCE/modules/juce_audio_plugin_client",
					"$(inherited)",
				);
				INFOPLIST_FILE = Info-Standalone_Plugin.plist;
				INFOPLIST_PREPROCESS = NO;
				LLVM_LTO = YES;
				MACOSX_DEPLOYMENT_TARGET = 10.11;
				OTHER_LDFLAGS = "-lKRT-1";
				PRODUCT_BUNDLE_IDENTIFIER = com.Kart.KRT1;
				PRODUCT_NAME = "KRT-1";
				USE_HEADERMAP = NO;
			};
			name = Release;
		};
		8C082C18B3807973C6E58734 = {
			isa = XCBuildConfiguration;
			buildSettings = {
				CLANG_CXX_LANGUAGE_STANDARD = "c++14";
				CLANG_CXX_LIBRARY = "libc++";
				CLANG_LINK_OBJC_RUNTIME = NO;
				COMBINE_HIDPI_IMAGES = YES;
				CONFIGURATION_BUILD_DIR = "$(PROJECT_DIR)/build/$(CONFIGURATION)";
				COPY_PHASE_STRIP = NO;
				GCC_DYNAMIC_NO_PIC = NO;
				GCC_OPTIMIZATION_LEVEL = 0;
				GCC_PREPROCESSOR_DEFINITIONS = (
					"_DEBUG=1",
					"DEBUG=1",
					"JUCER_XCODE_MAC_F6D2F4CF=1",
					"JUCE_APP_VERSION=1.0.0",
					"JUCE_APP_VERSION_HEX=0x10000",
					"JucePlugin_Build_VST=0",
					"JucePlugin_Build_VST3=1",
					"JucePlugin_Build_AU=0",
					"JucePlugin_Build_AUv3=0",
					"JucePlugin_Build_RTAS=0",
					"JucePlugin_Build_AAX=0",
					"JucePlugin_Build_Standalone=1",
					"JucePlugin_Build_Unity=0",
					"JUCE_SHARED_CODE=1",
				);
				GCC_VERSION = com.apple.compilers.llvm.clang.1_0;
				HEADER_SEARCH_PATHS = (
					"/Users/km/DEVELOPER/VST_SDK/VST3_SDK",
					"../../JuceLibraryCode",
					"/Users/km/DEVELOPER/JUCE/modules",
					"/Users/km/DEVELOPER/JUCE/modules/juce_audio_plugin_client",
					"$(inherited)",
				);
				INSTALL_PATH = "@executable_path/../Frameworks";
				MACOSX_DEPLOYMENT_TARGET = 10.11;
				PRODUCT_BUNDLE_IDENTIFIER = com.Kart.KRT1;
				PRODUCT_NAME = "KRT-1";
				SKIP_INSTALL = YES;
				USE_HEADERMAP = NO;
			};
			name = Debug;
		};
		56FC891AC04100AD95019C38 = {
			isa = XCBuildConfiguration;
			buildSettings = {
				CLANG_CXX_LANGUAGE_STANDARD = "c++14";
				CLANG_CXX_LIBRARY = "libc++";
				CLANG_LINK_OBJC_RUNTIME = NO;
				COMBINE_HIDPI_IMAGES = YES;
				CONFIGURATION_BUILD_DIR = "$(PROJECT_DIR)/build/$(CONFIGURATION)";
				DEAD_CODE_STRIPPING = YES;
				GCC_GENERATE_DEBUGGING_SYMBOLS = NO;
				GCC_OPTIMIZATION_LEVEL = 3;
				GCC_PREPROCESSOR_DEFINITIONS = (
					"_NDEBUG=1",
					"NDEBUG=1",
					"JUCER_XCODE_MAC_F6D2F4CF=1",
					"JUCE_APP_VERSION=1.0.0",
					"JUCE_APP_VERSION_HEX=0x10000",
					"JucePlugin_Build_VST=0",
					"JucePlugin_Build_VST3=1",
					"JucePlugin_Build_AU=0",
					"JucePlugin_Build_AUv3=0",
					"JucePlugin_Build_RTAS=0",
					"JucePlugin_Build_AAX=0",
					"JucePlugin_Build_Standalone=1",
					"JucePlugin_Build_Unity=0",
					"JUCE_SHARED_CODE=1",
				);
				GCC_SYMBOLS_PRIVATE_EXTERN = YES;
				GCC_VERSION = com.apple.compilers.llvm.clang.1_0;
				HEADER_SEARCH_PATHS = (
					"/Users/km/DEVELOPER/VST_SDK/VST3_SDK",
					"../../JuceLibraryCode",
					"/Users/km/DEVELOPER/JUCE/modules",
					"/Users/km/DEVELOPER/JUCE/modules/juce_audio_plugin_client",
					"$(inherited)",
				);
				INSTALL_PATH = "@executable_path/../Frameworks";
				LLVM_LTO = YES;
				MACOSX_DEPLOYMENT_TARGET = 10.11;
				PRODUCT_BUNDLE_IDENTIFIER = com.Kart.KRT1;
				PRODUCT_NAME = "KRT-1";
				SKIP_INSTALL = YES;
				USE_HEADERMAP = NO;
			};
			name = Release;
		};
		706528FB20DAEED482238024 = {
			isa = XCBuildConfiguration;
			buildSettings = {
				ALWAYS_SEARCH_USER_PATHS = NO;
				CLANG_ENABLE_OBJC_WEAK = YES;
				CLANG_WARN_BLOCK_CAPTURE_AUTORELEASING = YES;
				CLANG_WARN_BOOL_CONVERSION = YES;
				CLANG_WARN_COMMA = YES;
				CLANG_WARN_CONSTANT_CONVERSION = YES;
				CLANG_WARN_DEPRECATED_OBJC_IMPLEMENTATIONS = YES;
				CLANG_WARN_EMPTY_BODY = YES;
				CLANG_WARN_ENUM_CONVERSION = YES;
				CLANG_WARN_INFINITE_RECURSION = YES;
				CLANG_WARN_INT_CONVERSION = YES;
				CLANG_WARN_NON_LITERAL_NULL_CONVERSION = YES;
				CLANG_WARN_OBJC_IMPLICIT_RETAIN_SELF = YES;
				CLANG_WARN_OBJC_LITERAL_CONVERSION = YES;
				CLANG_WARN_RANGE_LOOP_ANALYSIS = YES;
				CLANG_WARN_STRICT_PROTOTYPES = YES;
				CLANG_WARN_SUSPICIOUS_MOVE = YES;
				CLANG_WARN_UNREACHABLE_CODE = YES;
				CLANG_WARN__DUPLICATE_METHOD_MATCH = YES;
				DEBUG_INFORMATION_FORMAT = dwarf;
				ENABLE_STRICT_OBJC_MSGSEND = YES;
				ENABLE_TESTABILITY = YES;
				GCC_C_LANGUAGE_STANDARD = c11;
				GCC_INLINES_ARE_PRIVATE_EXTERN = YES;
				GCC_MODEL_TUNING = G5;
				GCC_NO_COMMON_BLOCKS = YES;
				GCC_WARN_64_TO_32_BIT_CONVERSION = YES;
				GCC_WARN_ABOUT_RETURN_TYPE = YES;
				GCC_WARN_CHECK_SWITCH_STATEMENTS = YES;
				GCC_WARN_MISSING_PARENTHESES = YES;
				GCC_WARN_NON_VIRTUAL_DESTRUCTOR = YES;
				GCC_WARN_TYPECHECK_CALLS_TO_PRINTF = YES;
				GCC_WARN_UNDECLARED_SELECTOR = YES;
				GCC_WARN_UNINITIALIZED_AUTOS = YES;
				GCC_WARN_UNUSED_FUNCTION = YES;
				GCC_WARN_UNUSED_VARIABLE = YES;
				ONLY_ACTIVE_ARCH = YES;
				PRODUCT_NAME = "KRT-1";
				WARNING_CFLAGS = "-Wreorder";
				ZERO_LINK = NO;
			};
			name = Debug;
		};
		7854D84E7A89062CB49D700D = {
			isa = XCBuildConfiguration;
			buildSettings = {
				ALWAYS_SEARCH_USER_PATHS = NO;
				CLANG_ENABLE_OBJC_WEAK = YES;
				CLANG_WARN_BLOCK_CAPTURE_AUTORELEASING = YES;
				CLANG_WARN_BOOL_CONVERSION = YES;
				CLANG_WARN_COMMA = YES;
				CLANG_WARN_CONSTANT_CONVERSION = YES;
				CLANG_WARN_DEPRECATED_OBJC_IMPLEMENTATIONS = YES;
				CLANG_WARN_EMPTY_BODY = YES;
				CLANG_WARN_ENUM_CONVERSION = YES;
				CLANG_WARN_INFINITE_RECURSION = YES;
				CLANG_WARN_INT_CONVERSION = YES;
				CLANG_WARN_NON_LITERAL_NULL_CONVERSION = YES;
				CLANG_WARN_OBJC_IMPLICIT_RETAIN_SELF = YES;
				CLANG_WARN_OBJC_LITERAL_CONVERSION = YES;
				CLANG_WARN_RANGE_LOOP_ANALYSIS = YES;
				CLANG_WARN_STRICT_PROTOTYPES = YES;
				CLANG_WARN_SUSPICIOUS_MOVE = YES;
				CLANG_WARN_UNREACHABLE_CODE = YES;
				CLANG_WARN__DUPLICATE_METHOD_MATCH = YES;
				DEBUG_INFORMATION_FORMAT = dwarf;
				ENABLE_STRICT_OBJC_MSGSEND = YES;
				GCC_C_LANGUAGE_STANDARD = c11;
				GCC_INLINES_ARE_PRIVATE_EXTERN = YES;
				GCC_MODEL_TUNING = G5;
				GCC_NO_COMMON_BLOCKS = YES;
				GCC_WARN_64_TO_32_BIT_CONVERSION = YES;
				GCC_WARN_ABOUT_RETURN_TYPE = YES;
				GCC_WARN_CHECK_SWITCH_STATEMENTS = YES;
				GCC_WARN_MISSING_PARENTHESES = YES;
				GCC_WARN_NON_VIRTUAL_DESTRUCTOR = YES;
				GCC_WARN_TYPECHECK_CALLS_TO_PRINTF = YES;
				GCC_WARN_UNDECLARED_SELECTOR = YES;
				GCC_WARN_UNINITIALIZED_AUTOS = YES;
				GCC_WARN_UNUSED_FUNCTION = YES;
				GCC_WARN_UNUSED_VARIABLE = YES;
				PRODUCT_NAME = "KRT-1";
				WARNING_CFLAGS = "-Wreorder";
				ZERO_LINK = NO;
			};
			name = Release;
		};
		65EAFA26A36A1746FBDBDA02 = {
			isa = PBXTargetDependency;
			target = F4B76BFA47874F2D3510B5E9;
		};
		4953526547ED31300CE4EDB1 = {
			isa = PBXTargetDependency;
			target = 408B4F3A0FF47761CA37616C;
		};
		B1E7D8AD920106945867371F = {
			isa = PBXTargetDependency;
			target = 62C6E2640D35487775519805;
		};
		7FAEE9A32B96D0AA291F08BB = {
			isa = XCConfigurationList;
			buildConfigurations = (
				706528FB20DAEED482238024,
				7854D84E7A89062CB49D700D,
			);
			defaultConfigurationIsVisible = 0;
			defaultConfigurationName = Debug;
		};
		2DACBD868AA4AAF98898153C = {
			isa = XCConfigurationList;
			buildConfigurations = (
				484677EDEC005658F45805A6,
				A4D94AE71CAA61423F428F25,
			);
			defaultConfigurationIsVisible = 0;
			defaultConfigurationName = Debug;
		};
		82B47C5C55B08A0DD9847B98 = {
			isa = PBXAggregateTarget;
			buildConfigurationList = 2DACBD868AA4AAF98898153C;
			buildPhases = ( );
			buildRules = ( );
			dependencies = (
				65EAFA26A36A1746FBDBDA02,
				4953526547ED31300CE4EDB1,
				B1E7D8AD920106945867371F,
			);
			name = "KRT-1 - All";
			productName = "KRT-1";
		};
		063DBB95C19A5B5183D56C20 = {
			isa = XCConfigurationList;
			buildConfigurations = (
				61CAE34201BFE8CB0EB04083,
				CC7B8CC4D9BEBC601EC9FC52,
			);
			defaultConfigurationIsVisible = 0;
			defaultConfigurationName = Debug;
		};
		8029F87C3C674E5818984286 = {
			isa = PBXResourcesBuildPhase;
			buildActionMask = 2147483647;
			files = (
				639FD6CAD42FF12CDA77755B,
			);
			runOnlyForDeploymentPostprocessing = 0;
		};
		20CE8D89759E943513AAF994 = {
			isa = PBXSourcesBuildPhase;
			buildActionMask = 2147483647;
			files = (
				A09BCC57B11840129E1CF117,
			);
			runOnlyForDeploymentPostprocessing = 0;
		};
		B22BFB5AF059971C98A6E17E = {
			isa = PBXFrameworksBuildPhase;
			buildActionMask = 2147483647;
			files = (
				BB4FE75EE2792C15BAFE12DB,
				69A0DE1A9F342AFDD07240E8,
				4A2DDB67E8BFDBF0F15E3EAC,
				D92B61F760059122A06BEB8E,
				63811250C1B5B59841744E27,
				535AD13156067DF2673FA17F,
				4923BC30D82CB4081EE399D7,
				BC6DACAD462DC26A55FADBAD,
				06DDA229EE2C1731FD069945,
				E11DFC9DCC9CCA51060464E7,
			);
			runOnlyForDeploymentPostprocessing = 0;
		};
		F4B76BFA47874F2D3510B5E9 = {
			isa = PBXNativeTarget;
			buildConfigurationList = 063DBB95C19A5B5183D56C20;
			buildPhases = (
				8029F87C3C674E5818984286,
				20CE8D89759E943513AAF994,
				B22BFB5AF059971C98A6E17E,
			);
			buildRules = ( );
			dependencies = (
				B1E7D8AD920106945867371F,
			);
			name = "KRT-1 - VST3";
			productName = "KRT-1";
			productReference = 492215E513BD607A02E8719D;
			productType = "com.apple.product-type.bundle";
		};
		ED9934B9F102E15C47E8F88F = {
			isa = XCConfigurationList;
			buildConfigurations = (
				964DB20F3B92C6A430025610,
				F597DD100C465461154A5FB5,
			);
			defaultConfigurationIsVisible = 0;
			defaultConfigurationName = Debug;
		};
		4F3620D0CDDCE185DB4E96AD = {
			isa = PBXResourcesBuildPhase;
			buildActionMask = 2147483647;
			files = (
				639FD6CAD42FF12CDA77755B,
			);
			runOnlyForDeploymentPostprocessing = 0;
		};
		34EE5A4F781DEFDCDFCBE67C = {
			isa = PBXSourcesBuildPhase;
			buildActionMask = 2147483647;
			files = (
				B1B1BE2C840ED95B0161631E,
			);
			runOnlyForDeploymentPostprocessing = 0;
		};
		4E9131D2CBD25C22D1AEC51B = {
			isa = PBXFrameworksBuildPhase;
			buildActionMask = 2147483647;
			files = (
				BB4FE75EE2792C15BAFE12DB,
				69A0DE1A9F342AFDD07240E8,
				4A2DDB67E8BFDBF0F15E3EAC,
				D92B61F760059122A06BEB8E,
				63811250C1B5B59841744E27,
				535AD13156067DF2673FA17F,
				4923BC30D82CB4081EE399D7,
				BC6DACAD462DC26A55FADBAD,
				06DDA229EE2C1731FD069945,
				E11DFC9DCC9CCA51060464E7,
			);
			runOnlyForDeploymentPostprocessing = 0;
		};
		408B4F3A0FF47761CA37616C = {
			isa = PBXNativeTarget;
			buildConfigurationList = ED9934B9F102E15C47E8F88F;
			buildPhases = (
				4F3620D0CDDCE185DB4E96AD,
				34EE5A4F781DEFDCDFCBE67C,
				4E9131D2CBD25C22D1AEC51B,
			);
			buildRules = ( );
			dependencies = (
				B1E7D8AD920106945867371F,
			);
			name = "KRT-1 - Standalone Plugin";
			productName = "KRT-1";
			productReference = 8E1E0C8A371930177EE12646;
			productType = "com.apple.product-type.application";
		};
		FB9F587D6FE50BB5558C6D1E = {
			isa = XCConfigurationList;
			buildConfigurations = (
				8C082C18B3807973C6E58734,
				56FC891AC04100AD95019C38,
			);
			defaultConfigurationIsVisible = 0;
			defaultConfigurationName = Debug;
		};
		4A8E405F24A0A5A201665DBA = {
			isa = PBXSourcesBuildPhase;
			buildActionMask = 2147483647;
			files = (
				3D6DDC52093627BA97125121,
				E5A093FE41FCAEFDE7539948,
				E032D85D421CB8B6A4A3532C,
				D12320659AA6966BE49CC12B,
				E3CC6F5B9B6F5C31A8C76F90,
				9B9B11C6ACCCD4ABF1D5C750,
				588E203486E7453259EEBC5E,
				F25B5CE3D40C3F3AD936E7DA,
				27F94B30CC537F06606E2DC9,
				4826C8824A79291D4ACF9091,
				E2C28FCA320264BB9F68F426,
				5FDB3379B5E3A4981EA58C86,
				04499D92D474876565DEAD11,
				5969AED2758062101A287A47,
				06F88839D81FBE2A5A006868,
			);
			runOnlyForDeploymentPostprocessing = 0;
		};
		62C6E2640D35487775519805 = {
			isa = PBXNativeTarget;
			buildConfigurationList = FB9F587D6FE50BB5558C6D1E;
			buildPhases = (
				4A8E405F24A0A5A201665DBA,
			);
			buildRules = ( );
			dependencies = ( );
			name = "KRT-1 - Shared Code";
			productName = "KRT-1";
			productReference = E998763DA073CA8CC32DAC35;
			productType = "com.apple.product-type.library.static";
		};
		8BB96F0E31EB33F6C35E8F7D = {
			isa = PBXProject;
			buildConfigurationList = 7FAEE9A32B96D0AA291F08BB;
			attributes = { LastUpgradeCheck = 0930; ORGANIZATIONNAME = "K-art"; TargetAttributes = { 82B47C5C55B08A0DD9847B98 = { SystemCapabilities = {com.apple.ApplicationGroups.iOS = { enabled = 0; }; com.apple.InAppPurchase = { enabled = 0; }; com.apple.InterAppAudio = { enabled = 0; }; com.apple.Push = { enabled = 0; }; com.apple.Sandbox = { enabled = 0; }; com.apple.HardenedRuntime = { enabled = 0; }; }; };F4B76BFA47874F2D3510B5E9 = { SystemCapabilities = {com.apple.ApplicationGroups.iOS = { enabled = 0; }; com.apple.InAppPurchase = { enabled = 0; }; com.apple.InterAppAudio = { enabled = 0; }; com.apple.Push = { enabled = 0; }; com.apple.Sandbox = { enabled = 0; }; com.apple.HardenedRuntime = { enabled = 0; }; }; };408B4F3A0FF47761CA37616C = { SystemCapabilities = {com.apple.ApplicationGroups.iOS = { enabled = 0; }; com.apple.InAppPurchase = { enabled = 0; }; com.apple.InterAppAudio = { enabled = 0; }; com.apple.Push = { enabled = 0; }; com.apple.Sandbox = { enabled = 0; }; com.apple.HardenedRuntime = { enabled = 0; }; }; };62C6E2640D35487775519805 = { SystemCapabilities = {com.apple.ApplicationGroups.iOS = { enabled = 0; }; com.apple.InAppPurchase = { enabled = 0; }; com.apple.InterAppAudio = { enabled = 0; }; com.apple.Push = { enabled = 0; }; com.apple.Sandbox = { enabled = 0; }; com.apple.HardenedRuntime = { enabled = 0; }; }; }; }; };
			compatibilityVersion = "Xcode 3.2";
			hasScannedForEncodings = 0;
			mainGroup = 497940B5EA98F52A96F96AF1;
			projectDirPath = "";
			projectRoot = "";
			targets = (82B47C5C55B08A0DD9847B98, F4B76BFA47874F2D3510B5E9, 408B4F3A0FF47761CA37616C, 62C6E2640D35487775519805);
			knownRegions = (en, Base);
		};
	};
	rootObject = 8BB96F0E31EB33F6C35E8F7D;
}
